
Microsoft Visual Studio Solution File, Format Version 12.00
# Visual Studio Version 17
VisualStudioVersion = 17.0.31903.59
MinimumVisualStudioVersion = 10.0.40219.1
Project("{2150E333-8FDC-42A3-9474-1A3956D46DE8}") = "Chapter01", "Chapter01", "{DE6321B6-CBEB-4E4C-8D93-EC94FC5676B4}"
EndProject
Project("{FAE04EC0-301F-11D3-BF4B-00C04F79EFBC}") = "DivideByTwo", "Chapter01\01-DivideByTwo\DivideByTwo.csproj", "{BC5166AD-7413-47E9-9F78-5289A619EABC}"
EndProject
Project("{FAE04EC0-301F-11D3-BF4B-00C04F79EFBC}") = "Cube", "Chapter01\02-Cube\Cube.csproj", "{6AC1B1BC-9C49-4DAF-81EF-3930B2E1830C}"
EndProject
Project("{FAE04EC0-301F-11D3-BF4B-00C04F79EFBC}") = "Product", "Chapter01\03-Product\Product.csproj", "{8CF416E9-855D-4563-9D7F-5386415E489B}"
EndProject
Project("{FAE04EC0-301F-11D3-BF4B-00C04F79EFBC}") = "FloorArea", "Chapter01\04-FloorArea\FloorArea.csproj", "{EAC6D794-BC1B-4CB7-B86C-F48D19560124}"
EndProject
Project("{FAE04EC0-301F-11D3-BF4B-00C04F79EFBC}") = "WallArea", "Chapter01\05-WallArea\WallArea.csproj", "{F896C87B-C879-4F29-A05D-6DAB2AD7D2A9}"
EndProject
Project("{FAE04EC0-301F-11D3-BF4B-00C04F79EFBC}") = "Exchange", "Chapter01\06-Exchange\Exchange.csproj", "{137F456E-45DB-4EE7-8C51-87C453C8A30A}"
EndProject
Project("{FAE04EC0-301F-11D3-BF4B-00C04F79EFBC}") = "SalespersonPayment", "Chapter01\07-SalespersonPayment\SalespersonPayment.csproj", "{85A6D088-19C1-4943-998F-E1D647A769D6}"
EndProject
Project("{2150E333-8FDC-42A3-9474-1A3956D46DE8}") = "Chapter02", "Chapter02", "{482BEF4B-A689-451A-9A96-876DCA0BAFBD}"
EndProject
Project("{FAE04EC0-301F-11D3-BF4B-00C04F79EFBC}") = "Profit", "Chapter02\01-Profit\Profit.csproj", "{35971CBD-95F4-42C4-8F91-71752462BC54}"
EndProject
Project("{FAE04EC0-301F-11D3-BF4B-00C04F79EFBC}") = "BodyMassIndex", "Chapter02\02-BodyMassIndex\BodyMassIndex.csproj", "{EF469715-3788-4012-9648-0F44DB3ABE51}"
EndProject
Project("{FAE04EC0-301F-11D3-BF4B-00C04F79EFBC}") = "ServiceCharge", "Chapter02\03-ServiceCharge\ServiceCharge.csproj", "{7AE535FF-C3DE-4AC8-9523-DD6C0D58C351}"
EndProject
Project("{FAE04EC0-301F-11D3-BF4B-00C04F79EFBC}") = "CarTrip", "Chapter02\04-CarTrip\CarTrip.csproj", "{51BAE09B-4D0C-4237-9456-758A2466FE3A}"
EndProject
Project("{FAE04EC0-301F-11D3-BF4B-00C04F79EFBC}") = "SluggingPercentage", "Chapter02\05-SluggingPercentage\SluggingPercentage.csproj", "{1714BF7E-BA37-47EC-8BB4-B668B9F3D31F}"
EndProject
Project("{2150E333-8FDC-42A3-9474-1A3956D46DE8}") = "Chapter03", "Chapter03", "{8A4C08A8-E780-4E1C-94F9-E340176DADC9}"
EndProject
Project("{FAE04EC0-301F-11D3-BF4B-00C04F79EFBC}") = "GuessNumber", "Chapter03\01-GuessNumber\GuessNumber.csproj", "{52C1F8D8-BDA3-4BCE-8731-2048D3C344D7}"
EndProject
Project("{2150E333-8FDC-42A3-9474-1A3956D46DE8}") = "Chapter04", "Chapter04", "{23FE4973-3B52-4C15-B408-EC16FD00402C}"
EndProject
Project("{FAE04EC0-301F-11D3-BF4B-00C04F79EFBC}") = "HighPerformers", "Chapter04\01-HighPerformers\HighPerformers.csproj", "{E03E011C-1AAE-4EC6-937A-FC83F7A252EF}"
EndProject
Project("{FAE04EC0-301F-11D3-BF4B-00C04F79EFBC}") = "AuctionService", "Chapter04\02-AuctionService\AuctionService.csproj", "{24661B40-E0A8-40E5-8ADE-8EDF48D83E2E}"
EndProject
Project("{FAE04EC0-301F-11D3-BF4B-00C04F79EFBC}") = "PhoneCompany", "Chapter04\03-PhoneCompany\PhoneCompany.csproj", "{030DB1CC-A7D3-40F0-8FA2-2CAEF229BF82}"
EndProject
Project("{FAE04EC0-301F-11D3-BF4B-00C04F79EFBC}") = "InsuranceCompany", "Chapter04\04-InsuranceCompany\InsuranceCompany.csproj", "{18DB3FCC-0F69-495F-B186-8736CE23985D}"
EndProject
Project("{FAE04EC0-301F-11D3-BF4B-00C04F79EFBC}") = "DogDaycare", "Chapter04\05-DogDaycare\DogDaycare.csproj", "{8F89A224-8D2D-4384-9AB4-00B3EC1D644F}"
EndProject
Project("{FAE04EC0-301F-11D3-BF4B-00C04F79EFBC}") = "CustomSigns", "Chapter04\06-CustomSigns\CustomSigns.csproj", "{3A01B3AE-2776-447B-940C-1B1DE3DC5181}"
EndProject
Project("{FAE04EC0-301F-11D3-BF4B-00C04F79EFBC}") = "SharedTransportation", "Chapter04\07-SharedTransportation\SharedTransportation.csproj", "{53A240AD-E404-43F8-8355-2E7E1DED7316}"
EndProject
Project("{FAE04EC0-301F-11D3-BF4B-00C04F79EFBC}") = "HighPerforming", "Chapter04\08-HighPerforming\HighPerforming.csproj", "{44470698-EAA4-4E4D-B720-562F5B7B3146}"
EndProject
Project("{2150E333-8FDC-42A3-9474-1A3956D46DE8}") = "Chapter05", "Chapter05", "{93742369-AB83-42B9-B815-621DC18DB10E}"
EndProject
Project("{FAE04EC0-301F-11D3-BF4B-00C04F79EFBC}") = "PrintOneToTwenty", "Chapter05\01-PrintOneToTwenty\PrintOneToTwenty.csproj", "{01E18077-8FF6-4D41-9C93-F5040732031E}"
EndProject
Project("{FAE04EC0-301F-11D3-BF4B-00C04F79EFBC}") = "PrintDoubleAndTriple", "Chapter05\02-PrintDoubleAndTriple\PrintDoubleAndTriple.csproj", "{2718F7AF-1510-4D18-AADB-E75158E16CB5}"
EndProject
Project("{FAE04EC0-301F-11D3-BF4B-00C04F79EFBC}") = "EvenNumbers", "Chapter05\03-EvenNumbers\EvenNumbers.csproj", "{9525DECD-C7F9-4985-B466-795C7CCE7A55}"
EndProject
Project("{FAE04EC0-301F-11D3-BF4B-00C04F79EFBC}") = "ReverseOrder", "Chapter05\04-ReverseOrder\ReverseOrder.csproj", "{153A0C17-815A-468C-B434-9E0CBF905626}"
EndProject
Project("{FAE04EC0-301F-11D3-BF4B-00C04F79EFBC}") = "SumeOneToN", "Chapter05\05-SumOneToN\SumeOneToN.csproj", "{0594AC8A-0AFA-4575-A17C-E2F550FB21A3}"
EndProject
Project("{FAE04EC0-301F-11D3-BF4B-00C04F79EFBC}") = "SalesTransaction", "Chapter05\06-SalesTransaction\SalesTransaction.csproj", "{75A8DF0A-673B-403D-8906-E9A56E46746A}"
EndProject
Project("{FAE04EC0-301F-11D3-BF4B-00C04F79EFBC}") = "DomicileDesigns", "Chapter05\07-DomicileDesigns\DomicileDesigns.csproj", "{6DC6A075-E96B-4AB8-B372-27DD1CAC3EE2}"
EndProject
Project("{FAE04EC0-301F-11D3-BF4B-00C04F79EFBC}") = "YabeOnlineAuctions", "Chapter05\08-YabeOnlineAuctions\YabeOnlineAuctions.csproj", "{399B26F2-3A6D-4A33-8F8B-5C8BC0171641}"
EndProject
Global
	GlobalSection(SolutionConfigurationPlatforms) = preSolution
		Debug|Any CPU = Debug|Any CPU
		Release|Any CPU = Release|Any CPU
	EndGlobalSection
	GlobalSection(SolutionProperties) = preSolution
		HideSolutionNode = FALSE
	EndGlobalSection
	GlobalSection(ProjectConfigurationPlatforms) = postSolution
		{BC5166AD-7413-47E9-9F78-5289A619EABC}.Debug|Any CPU.ActiveCfg = Debug|Any CPU
		{BC5166AD-7413-47E9-9F78-5289A619EABC}.Debug|Any CPU.Build.0 = Debug|Any CPU
		{BC5166AD-7413-47E9-9F78-5289A619EABC}.Release|Any CPU.ActiveCfg = Release|Any CPU
		{BC5166AD-7413-47E9-9F78-5289A619EABC}.Release|Any CPU.Build.0 = Release|Any CPU
		{6AC1B1BC-9C49-4DAF-81EF-3930B2E1830C}.Debug|Any CPU.ActiveCfg = Debug|Any CPU
		{6AC1B1BC-9C49-4DAF-81EF-3930B2E1830C}.Debug|Any CPU.Build.0 = Debug|Any CPU
		{6AC1B1BC-9C49-4DAF-81EF-3930B2E1830C}.Release|Any CPU.ActiveCfg = Release|Any CPU
		{6AC1B1BC-9C49-4DAF-81EF-3930B2E1830C}.Release|Any CPU.Build.0 = Release|Any CPU
		{8CF416E9-855D-4563-9D7F-5386415E489B}.Debug|Any CPU.ActiveCfg = Debug|Any CPU
		{8CF416E9-855D-4563-9D7F-5386415E489B}.Debug|Any CPU.Build.0 = Debug|Any CPU
		{8CF416E9-855D-4563-9D7F-5386415E489B}.Release|Any CPU.ActiveCfg = Release|Any CPU
		{8CF416E9-855D-4563-9D7F-5386415E489B}.Release|Any CPU.Build.0 = Release|Any CPU
		{EAC6D794-BC1B-4CB7-B86C-F48D19560124}.Debug|Any CPU.ActiveCfg = Debug|Any CPU
		{EAC6D794-BC1B-4CB7-B86C-F48D19560124}.Debug|Any CPU.Build.0 = Debug|Any CPU
		{EAC6D794-BC1B-4CB7-B86C-F48D19560124}.Release|Any CPU.ActiveCfg = Release|Any CPU
		{EAC6D794-BC1B-4CB7-B86C-F48D19560124}.Release|Any CPU.Build.0 = Release|Any CPU
		{F896C87B-C879-4F29-A05D-6DAB2AD7D2A9}.Debug|Any CPU.ActiveCfg = Debug|Any CPU
		{F896C87B-C879-4F29-A05D-6DAB2AD7D2A9}.Debug|Any CPU.Build.0 = Debug|Any CPU
		{F896C87B-C879-4F29-A05D-6DAB2AD7D2A9}.Release|Any CPU.ActiveCfg = Release|Any CPU
		{F896C87B-C879-4F29-A05D-6DAB2AD7D2A9}.Release|Any CPU.Build.0 = Release|Any CPU
		{137F456E-45DB-4EE7-8C51-87C453C8A30A}.Debug|Any CPU.ActiveCfg = Debug|Any CPU
		{137F456E-45DB-4EE7-8C51-87C453C8A30A}.Debug|Any CPU.Build.0 = Debug|Any CPU
		{137F456E-45DB-4EE7-8C51-87C453C8A30A}.Release|Any CPU.ActiveCfg = Release|Any CPU
		{137F456E-45DB-4EE7-8C51-87C453C8A30A}.Release|Any CPU.Build.0 = Release|Any CPU
		{85A6D088-19C1-4943-998F-E1D647A769D6}.Debug|Any CPU.ActiveCfg = Debug|Any CPU
		{85A6D088-19C1-4943-998F-E1D647A769D6}.Debug|Any CPU.Build.0 = Debug|Any CPU
		{85A6D088-19C1-4943-998F-E1D647A769D6}.Release|Any CPU.ActiveCfg = Release|Any CPU
		{85A6D088-19C1-4943-998F-E1D647A769D6}.Release|Any CPU.Build.0 = Release|Any CPU
		{35971CBD-95F4-42C4-8F91-71752462BC54}.Debug|Any CPU.ActiveCfg = Debug|Any CPU
		{35971CBD-95F4-42C4-8F91-71752462BC54}.Debug|Any CPU.Build.0 = Debug|Any CPU
		{35971CBD-95F4-42C4-8F91-71752462BC54}.Release|Any CPU.ActiveCfg = Release|Any CPU
		{35971CBD-95F4-42C4-8F91-71752462BC54}.Release|Any CPU.Build.0 = Release|Any CPU
		{EF469715-3788-4012-9648-0F44DB3ABE51}.Debug|Any CPU.ActiveCfg = Debug|Any CPU
		{EF469715-3788-4012-9648-0F44DB3ABE51}.Debug|Any CPU.Build.0 = Debug|Any CPU
		{EF469715-3788-4012-9648-0F44DB3ABE51}.Release|Any CPU.ActiveCfg = Release|Any CPU
		{EF469715-3788-4012-9648-0F44DB3ABE51}.Release|Any CPU.Build.0 = Release|Any CPU
		{7AE535FF-C3DE-4AC8-9523-DD6C0D58C351}.Debug|Any CPU.ActiveCfg = Debug|Any CPU
		{7AE535FF-C3DE-4AC8-9523-DD6C0D58C351}.Debug|Any CPU.Build.0 = Debug|Any CPU
		{7AE535FF-C3DE-4AC8-9523-DD6C0D58C351}.Release|Any CPU.ActiveCfg = Release|Any CPU
		{7AE535FF-C3DE-4AC8-9523-DD6C0D58C351}.Release|Any CPU.Build.0 = Release|Any CPU
		{51BAE09B-4D0C-4237-9456-758A2466FE3A}.Debug|Any CPU.ActiveCfg = Debug|Any CPU
		{51BAE09B-4D0C-4237-9456-758A2466FE3A}.Debug|Any CPU.Build.0 = Debug|Any CPU
		{51BAE09B-4D0C-4237-9456-758A2466FE3A}.Release|Any CPU.ActiveCfg = Release|Any CPU
		{51BAE09B-4D0C-4237-9456-758A2466FE3A}.Release|Any CPU.Build.0 = Release|Any CPU
		{1714BF7E-BA37-47EC-8BB4-B668B9F3D31F}.Debug|Any CPU.ActiveCfg = Debug|Any CPU
		{1714BF7E-BA37-47EC-8BB4-B668B9F3D31F}.Debug|Any CPU.Build.0 = Debug|Any CPU
		{1714BF7E-BA37-47EC-8BB4-B668B9F3D31F}.Release|Any CPU.ActiveCfg = Release|Any CPU
		{1714BF7E-BA37-47EC-8BB4-B668B9F3D31F}.Release|Any CPU.Build.0 = Release|Any CPU
		{52C1F8D8-BDA3-4BCE-8731-2048D3C344D7}.Debug|Any CPU.ActiveCfg = Debug|Any CPU
		{52C1F8D8-BDA3-4BCE-8731-2048D3C344D7}.Debug|Any CPU.Build.0 = Debug|Any CPU
		{52C1F8D8-BDA3-4BCE-8731-2048D3C344D7}.Release|Any CPU.ActiveCfg = Release|Any CPU
		{52C1F8D8-BDA3-4BCE-8731-2048D3C344D7}.Release|Any CPU.Build.0 = Release|Any CPU
		{E03E011C-1AAE-4EC6-937A-FC83F7A252EF}.Debug|Any CPU.ActiveCfg = Debug|Any CPU
		{E03E011C-1AAE-4EC6-937A-FC83F7A252EF}.Debug|Any CPU.Build.0 = Debug|Any CPU
		{E03E011C-1AAE-4EC6-937A-FC83F7A252EF}.Release|Any CPU.ActiveCfg = Release|Any CPU
		{E03E011C-1AAE-4EC6-937A-FC83F7A252EF}.Release|Any CPU.Build.0 = Release|Any CPU
		{24661B40-E0A8-40E5-8ADE-8EDF48D83E2E}.Debug|Any CPU.ActiveCfg = Debug|Any CPU
		{24661B40-E0A8-40E5-8ADE-8EDF48D83E2E}.Debug|Any CPU.Build.0 = Debug|Any CPU
		{24661B40-E0A8-40E5-8ADE-8EDF48D83E2E}.Release|Any CPU.ActiveCfg = Release|Any CPU
		{24661B40-E0A8-40E5-8ADE-8EDF48D83E2E}.Release|Any CPU.Build.0 = Release|Any CPU
		{030DB1CC-A7D3-40F0-8FA2-2CAEF229BF82}.Debug|Any CPU.ActiveCfg = Debug|Any CPU
		{030DB1CC-A7D3-40F0-8FA2-2CAEF229BF82}.Debug|Any CPU.Build.0 = Debug|Any CPU
		{030DB1CC-A7D3-40F0-8FA2-2CAEF229BF82}.Release|Any CPU.ActiveCfg = Release|Any CPU
		{030DB1CC-A7D3-40F0-8FA2-2CAEF229BF82}.Release|Any CPU.Build.0 = Release|Any CPU
		{18DB3FCC-0F69-495F-B186-8736CE23985D}.Debug|Any CPU.ActiveCfg = Debug|Any CPU
		{18DB3FCC-0F69-495F-B186-8736CE23985D}.Debug|Any CPU.Build.0 = Debug|Any CPU
		{18DB3FCC-0F69-495F-B186-8736CE23985D}.Release|Any CPU.ActiveCfg = Release|Any CPU
		{18DB3FCC-0F69-495F-B186-8736CE23985D}.Release|Any CPU.Build.0 = Release|Any CPU
		{8F89A224-8D2D-4384-9AB4-00B3EC1D644F}.Debug|Any CPU.ActiveCfg = Debug|Any CPU
		{8F89A224-8D2D-4384-9AB4-00B3EC1D644F}.Debug|Any CPU.Build.0 = Debug|Any CPU
		{8F89A224-8D2D-4384-9AB4-00B3EC1D644F}.Release|Any CPU.ActiveCfg = Release|Any CPU
		{8F89A224-8D2D-4384-9AB4-00B3EC1D644F}.Release|Any CPU.Build.0 = Release|Any CPU
		{3A01B3AE-2776-447B-940C-1B1DE3DC5181}.Debug|Any CPU.ActiveCfg = Debug|Any CPU
		{3A01B3AE-2776-447B-940C-1B1DE3DC5181}.Debug|Any CPU.Build.0 = Debug|Any CPU
		{3A01B3AE-2776-447B-940C-1B1DE3DC5181}.Release|Any CPU.ActiveCfg = Release|Any CPU
		{3A01B3AE-2776-447B-940C-1B1DE3DC5181}.Release|Any CPU.Build.0 = Release|Any CPU
		{53A240AD-E404-43F8-8355-2E7E1DED7316}.Debug|Any CPU.ActiveCfg = Debug|Any CPU
		{53A240AD-E404-43F8-8355-2E7E1DED7316}.Debug|Any CPU.Build.0 = Debug|Any CPU
		{53A240AD-E404-43F8-8355-2E7E1DED7316}.Release|Any CPU.ActiveCfg = Release|Any CPU
		{53A240AD-E404-43F8-8355-2E7E1DED7316}.Release|Any CPU.Build.0 = Release|Any CPU
		{44470698-EAA4-4E4D-B720-562F5B7B3146}.Debug|Any CPU.ActiveCfg = Debug|Any CPU
		{44470698-EAA4-4E4D-B720-562F5B7B3146}.Debug|Any CPU.Build.0 = Debug|Any CPU
		{44470698-EAA4-4E4D-B720-562F5B7B3146}.Release|Any CPU.ActiveCfg = Release|Any CPU
		{44470698-EAA4-4E4D-B720-562F5B7B3146}.Release|Any CPU.Build.0 = Release|Any CPU
		{01E18077-8FF6-4D41-9C93-F5040732031E}.Debug|Any CPU.ActiveCfg = Debug|Any CPU
		{01E18077-8FF6-4D41-9C93-F5040732031E}.Debug|Any CPU.Build.0 = Debug|Any CPU
		{01E18077-8FF6-4D41-9C93-F5040732031E}.Release|Any CPU.ActiveCfg = Release|Any CPU
		{01E18077-8FF6-4D41-9C93-F5040732031E}.Release|Any CPU.Build.0 = Release|Any CPU
		{2718F7AF-1510-4D18-AADB-E75158E16CB5}.Debug|Any CPU.ActiveCfg = Debug|Any CPU
		{2718F7AF-1510-4D18-AADB-E75158E16CB5}.Debug|Any CPU.Build.0 = Debug|Any CPU
		{2718F7AF-1510-4D18-AADB-E75158E16CB5}.Release|Any CPU.ActiveCfg = Release|Any CPU
		{2718F7AF-1510-4D18-AADB-E75158E16CB5}.Release|Any CPU.Build.0 = Release|Any CPU
		{9525DECD-C7F9-4985-B466-795C7CCE7A55}.Debug|Any CPU.ActiveCfg = Debug|Any CPU
		{9525DECD-C7F9-4985-B466-795C7CCE7A55}.Debug|Any CPU.Build.0 = Debug|Any CPU
		{9525DECD-C7F9-4985-B466-795C7CCE7A55}.Release|Any CPU.ActiveCfg = Release|Any CPU
		{9525DECD-C7F9-4985-B466-795C7CCE7A55}.Release|Any CPU.Build.0 = Release|Any CPU
		{153A0C17-815A-468C-B434-9E0CBF905626}.Debug|Any CPU.ActiveCfg = Debug|Any CPU
		{153A0C17-815A-468C-B434-9E0CBF905626}.Debug|Any CPU.Build.0 = Debug|Any CPU
		{153A0C17-815A-468C-B434-9E0CBF905626}.Release|Any CPU.ActiveCfg = Release|Any CPU
		{153A0C17-815A-468C-B434-9E0CBF905626}.Release|Any CPU.Build.0 = Release|Any CPU
		{0594AC8A-0AFA-4575-A17C-E2F550FB21A3}.Debug|Any CPU.ActiveCfg = Debug|Any CPU
		{0594AC8A-0AFA-4575-A17C-E2F550FB21A3}.Debug|Any CPU.Build.0 = Debug|Any CPU
		{0594AC8A-0AFA-4575-A17C-E2F550FB21A3}.Release|Any CPU.ActiveCfg = Release|Any CPU
		{0594AC8A-0AFA-4575-A17C-E2F550FB21A3}.Release|Any CPU.Build.0 = Release|Any CPU
		{75A8DF0A-673B-403D-8906-E9A56E46746A}.Debug|Any CPU.ActiveCfg = Debug|Any CPU
		{75A8DF0A-673B-403D-8906-E9A56E46746A}.Debug|Any CPU.Build.0 = Debug|Any CPU
		{75A8DF0A-673B-403D-8906-E9A56E46746A}.Release|Any CPU.ActiveCfg = Release|Any CPU
		{75A8DF0A-673B-403D-8906-E9A56E46746A}.Release|Any CPU.Build.0 = Release|Any CPU
		{6DC6A075-E96B-4AB8-B372-27DD1CAC3EE2}.Debug|Any CPU.ActiveCfg = Debug|Any CPU
		{6DC6A075-E96B-4AB8-B372-27DD1CAC3EE2}.Debug|Any CPU.Build.0 = Debug|Any CPU
		{6DC6A075-E96B-4AB8-B372-27DD1CAC3EE2}.Release|Any CPU.ActiveCfg = Release|Any CPU
		{6DC6A075-E96B-4AB8-B372-27DD1CAC3EE2}.Release|Any CPU.Build.0 = Release|Any CPU
		{399B26F2-3A6D-4A33-8F8B-5C8BC0171641}.Debug|Any CPU.ActiveCfg = Debug|Any CPU
		{399B26F2-3A6D-4A33-8F8B-5C8BC0171641}.Debug|Any CPU.Build.0 = Debug|Any CPU
		{399B26F2-3A6D-4A33-8F8B-5C8BC0171641}.Release|Any CPU.ActiveCfg = Release|Any CPU
		{399B26F2-3A6D-4A33-8F8B-5C8BC0171641}.Release|Any CPU.Build.0 = Release|Any CPU
	EndGlobalSection
	GlobalSection(NestedProjects) = preSolution
		{BC5166AD-7413-47E9-9F78-5289A619EABC} = {DE6321B6-CBEB-4E4C-8D93-EC94FC5676B4}
		{6AC1B1BC-9C49-4DAF-81EF-3930B2E1830C} = {DE6321B6-CBEB-4E4C-8D93-EC94FC5676B4}
		{8CF416E9-855D-4563-9D7F-5386415E489B} = {DE6321B6-CBEB-4E4C-8D93-EC94FC5676B4}
		{EAC6D794-BC1B-4CB7-B86C-F48D19560124} = {DE6321B6-CBEB-4E4C-8D93-EC94FC5676B4}
		{F896C87B-C879-4F29-A05D-6DAB2AD7D2A9} = {DE6321B6-CBEB-4E4C-8D93-EC94FC5676B4}
		{137F456E-45DB-4EE7-8C51-87C453C8A30A} = {DE6321B6-CBEB-4E4C-8D93-EC94FC5676B4}
		{85A6D088-19C1-4943-998F-E1D647A769D6} = {DE6321B6-CBEB-4E4C-8D93-EC94FC5676B4}
		{35971CBD-95F4-42C4-8F91-71752462BC54} = {482BEF4B-A689-451A-9A96-876DCA0BAFBD}
		{EF469715-3788-4012-9648-0F44DB3ABE51} = {482BEF4B-A689-451A-9A96-876DCA0BAFBD}
		{7AE535FF-C3DE-4AC8-9523-DD6C0D58C351} = {482BEF4B-A689-451A-9A96-876DCA0BAFBD}
		{51BAE09B-4D0C-4237-9456-758A2466FE3A} = {482BEF4B-A689-451A-9A96-876DCA0BAFBD}
		{1714BF7E-BA37-47EC-8BB4-B668B9F3D31F} = {482BEF4B-A689-451A-9A96-876DCA0BAFBD}
		{52C1F8D8-BDA3-4BCE-8731-2048D3C344D7} = {8A4C08A8-E780-4E1C-94F9-E340176DADC9}
		{E03E011C-1AAE-4EC6-937A-FC83F7A252EF} = {23FE4973-3B52-4C15-B408-EC16FD00402C}
		{24661B40-E0A8-40E5-8ADE-8EDF48D83E2E} = {23FE4973-3B52-4C15-B408-EC16FD00402C}
		{030DB1CC-A7D3-40F0-8FA2-2CAEF229BF82} = {23FE4973-3B52-4C15-B408-EC16FD00402C}
		{18DB3FCC-0F69-495F-B186-8736CE23985D} = {23FE4973-3B52-4C15-B408-EC16FD00402C}
		{8F89A224-8D2D-4384-9AB4-00B3EC1D644F} = {23FE4973-3B52-4C15-B408-EC16FD00402C}
		{3A01B3AE-2776-447B-940C-1B1DE3DC5181} = {23FE4973-3B52-4C15-B408-EC16FD00402C}
		{53A240AD-E404-43F8-8355-2E7E1DED7316} = {23FE4973-3B52-4C15-B408-EC16FD00402C}
		{44470698-EAA4-4E4D-B720-562F5B7B3146} = {23FE4973-3B52-4C15-B408-EC16FD00402C}
		{01E18077-8FF6-4D41-9C93-F5040732031E} = {93742369-AB83-42B9-B815-621DC18DB10E}
		{2718F7AF-1510-4D18-AADB-E75158E16CB5} = {93742369-AB83-42B9-B815-621DC18DB10E}
		{9525DECD-C7F9-4985-B466-795C7CCE7A55} = {93742369-AB83-42B9-B815-621DC18DB10E}
		{153A0C17-815A-468C-B434-9E0CBF905626} = {93742369-AB83-42B9-B815-621DC18DB10E}
		{0594AC8A-0AFA-4575-A17C-E2F550FB21A3} = {93742369-AB83-42B9-B815-621DC18DB10E}
		{75A8DF0A-673B-403D-8906-E9A56E46746A} = {93742369-AB83-42B9-B815-621DC18DB10E}
		{6DC6A075-E96B-4AB8-B372-27DD1CAC3EE2} = {93742369-AB83-42B9-B815-621DC18DB10E}
		{399B26F2-3A6D-4A33-8F8B-5C8BC0171641} = {93742369-AB83-42B9-B815-621DC18DB10E}
	EndGlobalSection
EndGlobal
